
Microsoft Visual Studio Solution File, Format Version 12.00
# Visual Studio 15
VisualStudioVersion = 15.0.28010.2036
MinimumVisualStudioVersion = 10.0.40219.1
Project("{FAE04EC0-301F-11D3-BF4B-00C04F79EFBC}") = "StudentsFormsApp", "StudentsFormsApp\StudentsFormsApp.csproj", "{ABCCDC85-BFA5-49E0-A3DB-9F16EEB88B2E}"
EndProject
Global
	GlobalSection(SolutionConfigurationPlatforms) = preSolution
		Debug|Any CPU = Debug|Any CPU
		Release|Any CPU = Release|Any CPU
	EndGlobalSection
	GlobalSection(ProjectConfigurationPlatforms) = postSolution
		{ABCCDC85-BFA5-49E0-A3DB-9F16EEB88B2E}.Debug|Any CPU.ActiveCfg = Debug|Any CPU
		{ABCCDC85-BFA5-49E0-A3DB-9F16EEB88B2E}.Debug|Any CPU.Build.0 = Debug|Any CPU
		{ABCCDC85-BFA5-49E0-A3DB-9F16EEB88B2E}.Release|Any CPU.ActiveCfg = Release|Any CPU
		{ABCCDC85-BFA5-49E0-A3DB-9F16EEB88B2E}.Release|Any CPU.Build.0 = Release|Any CPU
	EndGlobalSection
	GlobalSection(SolutionProperties) = preSolution
		HideSolutionNode = FALSE
	EndGlobalSection
	GlobalSection(ExtensibilityGlobals) = postSolution
		SolutionGuid = {5464AC78-C6D3-4205-A2B5-41A10BFD8BCA}
	EndGlobalSection
EndGlobal
